
Microsoft Visual Studio Solution File, Format Version 12.00
# Visual Studio 15
VisualStudioVersion = 15.0.26430.16
MinimumVisualStudioVersion = 10.0.40219.1
Project("{FAE04EC0-301F-11D3-BF4B-00C04F79EFBC}") = "IMClientApp", "IMClientApp\IMClientApp.csproj", "{287DFD75-BBF6-4F51-BF69-22610590CB90}"
EndProject
Project("{FAE04EC0-301F-11D3-BF4B-00C04F79EFBC}") = "IMService", "IMService\IMService.csproj", "{7A2436BF-C78B-445F-9E47-BE7A982C44A0}"
EndProject
Global
	GlobalSection(SolutionConfigurationPlatforms) = preSolution
		Debug|Any CPU = Debug|Any CPU
		Release|Any CPU = Release|Any CPU
	EndGlobalSection
	GlobalSection(ProjectConfigurationPlatforms) = postSolution
		{287DFD75-BBF6-4F51-BF69-22610590CB90}.Debug|Any CPU.ActiveCfg = Debug|Any CPU
		{287DFD75-BBF6-4F51-BF69-22610590CB90}.Debug|Any CPU.Build.0 = Debug|Any CPU
		{287DFD75-BBF6-4F51-BF69-22610590CB90}.Release|Any CPU.ActiveCfg = Release|Any CPU
		{287DFD75-BBF6-4F51-BF69-22610590CB90}.Release|Any CPU.Build.0 = Release|Any CPU
		{7A2436BF-C78B-445F-9E47-BE7A982C44A0}.Debug|Any CPU.ActiveCfg = Debug|Any CPU
		{7A2436BF-C78B-445F-9E47-BE7A982C44A0}.Debug|Any CPU.Build.0 = Debug|Any CPU
		{7A2436BF-C78B-445F-9E47-BE7A982C44A0}.Release|Any CPU.ActiveCfg = Release|Any CPU
		{7A2436BF-C78B-445F-9E47-BE7A982C44A0}.Release|Any CPU.Build.0 = Release|Any CPU
	EndGlobalSection
	GlobalSection(SolutionProperties) = preSolution
		HideSolutionNode = FALSE
	EndGlobalSection
EndGlobal
